// !$*UTF8*$!
{
	archiveVersion = 1;
	classes = {
	};
	objectVersion = 46;
	objects = {

/* Begin PBXBuildFile section */
		84E48EA01EF9083B0093987B /* AppDelegate.swift in Sources */ = {isa = PBXBuildFile; fileRef = 84E48E9F1EF9083B0093987B /* AppDelegate.swift */; };
		84E48EA21EF9083B0093987B /* ViewController.swift in Sources */ = {isa = PBXBuildFile; fileRef = 84E48EA11EF9083B0093987B /* ViewController.swift */; };
		84E48EA51EF9083B0093987B /* Main.storyboard in Resources */ = {isa = PBXBuildFile; fileRef = 84E48EA31EF9083B0093987B /* Main.storyboard */; };
		84E48EA71EF9083B0093987B /* Assets.xcassets in Resources */ = {isa = PBXBuildFile; fileRef = 84E48EA61EF9083B0093987B /* Assets.xcassets */; };
		84E48EAA1EF9083B0093987B /* LaunchScreen.storyboard in Resources */ = {isa = PBXBuildFile; fileRef = 84E48EA81EF9083B0093987B /* LaunchScreen.storyboard */; };
		84E48EB51EF9083B0093987B /* calculetteTests.swift in Sources */ = {isa = PBXBuildFile; fileRef = 84E48EB41EF9083B0093987B /* calculetteTests.swift */; };
		84E48EC01EF9083B0093987B /* calculetteUITests.swift in Sources */ = {isa = PBXBuildFile; fileRef = 84E48EBF1EF9083B0093987B /* calculetteUITests.swift */; };
/* End PBXBuildFile section */

/* Begin PBXContainerItemProxy section */
		84E48EB11EF9083B0093987B /* PBXContainerItemProxy */ = {
			isa = PBXContainerItemProxy;
			containerPortal = 84E48E941EF9083B0093987B /* Project object */;
			proxyType = 1;
			remoteGlobalIDString = 84E48E9B1EF9083B0093987B;
			remoteInfo = calculette;
		};
		84E48EBC1EF9083B0093987B /* PBXContainerItemProxy */ = {
			isa = PBXContainerItemProxy;
			containerPortal = 84E48E941EF9083B0093987B /* Project object */;
			proxyType = 1;
			remoteGlobalIDString = 84E48E9B1EF9083B0093987B;
			remoteInfo = calculette;
		};
/* End PBXContainerItemProxy section */

/* Begin PBXFileReference section */
		84E48E9C1EF9083B0093987B /* calculette.app */ = {isa = PBXFileReference; explicitFileType = wrapper.application; includeInIndex = 0; path = calculette.app; sourceTree = BUILT_PRODUCTS_DIR; };
		84E48E9F1EF9083B0093987B /* AppDelegate.swift */ = {isa = PBXFileReference; lastKnownFileType = sourcecode.swift; path = AppDelegate.swift; sourceTree = "<group>"; };
		84E48EA11EF9083B0093987B /* ViewController.swift */ = {isa = PBXFileReference; lastKnownFileType = sourcecode.swift; path = ViewController.swift; sourceTree = "<group>"; };
		84E48EA41EF9083B0093987B /* Base */ = {isa = PBXFileReference; lastKnownFileType = file.storyboard; name = Base; path = Base.lproj/Main.storyboard; sourceTree = "<group>"; };
		84E48EA61EF9083B0093987B /* Assets.xcassets */ = {isa = PBXFileReference; lastKnownFileType = folder.assetcatalog; path = Assets.xcassets; sourceTree = "<group>"; };
		84E48EA91EF9083B0093987B /* Base */ = {isa = PBXFileReference; lastKnownFileType = file.storyboard; name = Base; path = Base.lproj/LaunchScreen.storyboard; sourceTree = "<group>"; };
		84E48EAB1EF9083B0093987B /* Info.plist */ = {isa = PBXFileReference; lastKnownFileType = text.plist.xml; path = Info.plist; sourceTree = "<group>"; };
		84E48EB01EF9083B0093987B /* calculetteTests.xctest */ = {isa = PBXFileReference; explicitFileType = wrapper.cfbundle; includeInIndex = 0; path = calculetteTests.xctest; sourceTree = BUILT_PRODUCTS_DIR; };
		84E48EB41EF9083B0093987B /* calculetteTests.swift */ = {isa = PBXFileReference; lastKnownFileType = sourcecode.swift; path = calculetteTests.swift; sourceTree = "<group>"; };
		84E48EB61EF9083B0093987B /* Info.plist */ = {isa = PBXFileReference; lastKnownFileType = text.plist.xml; path = Info.plist; sourceTree = "<group>"; };
		84E48EBB1EF9083B0093987B /* calculetteUITests.xctest */ = {isa = PBXFileReference; explicitFileType = wrapper.cfbundle; includeInIndex = 0; path = calculetteUITests.xctest; sourceTree = BUILT_PRODUCTS_DIR; };
		84E48EBF1EF9083B0093987B /* calculetteUITests.swift */ = {isa = PBXFileReference; lastKnownFileType = sourcecode.swift; path = calculetteUITests.swift; sourceTree = "<group>"; };
		84E48EC11EF9083B0093987B /* Info.plist */ = {isa = PBXFileReference; lastKnownFileType = text.plist.xml; path = Info.plist; sourceTree = "<group>"; };
/* End PBXFileReference section */

/* Begin PBXFrameworksBuildPhase section */
		84E48E991EF9083B0093987B /* Frameworks */ = {
			isa = PBXFrameworksBuildPhase;
			buildActionMask = 2147483647;
			files = (
			);
			runOnlyForDeploymentPostprocessing = 0;
		};
		84E48EAD1EF9083B0093987B /* Frameworks */ = {
			isa = PBXFrameworksBuildPhase;
			buildActionMask = 2147483647;
			files = (
			);
			runOnlyForDeploymentPostprocessing = 0;
		};
		84E48EB81EF9083B0093987B /* Frameworks */ = {
			isa = PBXFrameworksBuildPhase;
			buildActionMask = 2147483647;
			files = (
			);
			runOnlyForDeploymentPostprocessing = 0;
		};
/* End PBXFrameworksBuildPhase section */

/* Begin PBXGroup section */
		84E48E931EF9083B0093987B = {
			isa = PBXGroup;
			children = (
				84E48E9E1EF9083B0093987B /* calculette */,
				84E48EB31EF9083B0093987B /* calculetteTests */,
				84E48EBE1EF9083B0093987B /* calculetteUITests */,
				84E48E9D1EF9083B0093987B /* Products */,
			);
			sourceTree = "<group>";
		};
		84E48E9D1EF9083B0093987B /* Products */ = {
			isa = PBXGroup;
			children = (
				84E48E9C1EF9083B0093987B /* calculette.app */,
				84E48EB01EF9083B0093987B /* calculetteTests.xctest */,
				84E48EBB1EF9083B0093987B /* calculetteUITests.xctest */,
			);
			name = Products;
			sourceTree = "<group>";
		};
		84E48E9E1EF9083B0093987B /* calculette */ = {
			isa = PBXGroup;
			children = (
				84E48E9F1EF9083B0093987B /* AppDelegate.swift */,
				84E48EA11EF9083B0093987B /* ViewController.swift */,
				84E48EA31EF9083B0093987B /* Main.storyboard */,
				84E48EA61EF9083B0093987B /* Assets.xcassets */,
				84E48EA81EF9083B0093987B /* LaunchScreen.storyboard */,
				84E48EAB1EF9083B0093987B /* Info.plist */,
			);
			path = calculette;
			sourceTree = "<group>";
		};
		84E48EB31EF9083B0093987B /* calculetteTests */ = {
			isa = PBXGroup;
			children = (
				84E48EB41EF9083B0093987B /* calculetteTests.swift */,
				84E48EB61EF9083B0093987B /* Info.plist */,
			);
			path = calculetteTests;
			sourceTree = "<group>";
		};
		84E48EBE1EF9083B0093987B /* calculetteUITests */ = {
			isa = PBXGroup;
			children = (
				84E48EBF1EF9083B0093987B /* calculetteUITests.swift */,
				84E48EC11EF9083B0093987B /* Info.plist */,
			);
			path = calculetteUITests;
			sourceTree = "<group>";
		};
/* End PBXGroup section */

/* Begin PBXNativeTarget section */
		84E48E9B1EF9083B0093987B /* calculette */ = {
			isa = PBXNativeTarget;
			buildConfigurationList = 84E48EC41EF9083B0093987B /* Build configuration list for PBXNativeTarget "calculette" */;
			buildPhases = (
				84E48E981EF9083B0093987B /* Sources */,
				84E48E991EF9083B0093987B /* Frameworks */,
				84E48E9A1EF9083B0093987B /* Resources */,
			);
			buildRules = (
			);
			dependencies = (
			);
			name = calculette;
			productName = calculette;
			productReference = 84E48E9C1EF9083B0093987B /* calculette.app */;
			productType = "com.apple.product-type.application";
		};
		84E48EAF1EF9083B0093987B /* calculetteTests */ = {
			isa = PBXNativeTarget;
			buildConfigurationList = 84E48EC71EF9083B0093987B /* Build configuration list for PBXNativeTarget "calculetteTests" */;
			buildPhases = (
				84E48EAC1EF9083B0093987B /* Sources */,
				84E48EAD1EF9083B0093987B /* Frameworks */,
				84E48EAE1EF9083B0093987B /* Resources */,
			);
			buildRules = (
			);
			dependencies = (
				84E48EB21EF9083B0093987B /* PBXTargetDependency */,
			);
			name = calculetteTests;
			productName = calculetteTests;
			productReference = 84E48EB01EF9083B0093987B /* calculetteTests.xctest */;
			productType = "com.apple.product-type.bundle.unit-test";
		};
		84E48EBA1EF9083B0093987B /* calculetteUITests */ = {
			isa = PBXNativeTarget;
			buildConfigurationList = 84E48ECA1EF9083B0093987B /* Build configuration list for PBXNativeTarget "calculetteUITests" */;
			buildPhases = (
				84E48EB71EF9083B0093987B /* Sources */,
				84E48EB81EF9083B0093987B /* Frameworks */,
				84E48EB91EF9083B0093987B /* Resources */,
			);
			buildRules = (
			);
			dependencies = (
				84E48EBD1EF9083B0093987B /* PBXTargetDependency */,
			);
			name = calculetteUITests;
			productName = calculetteUITests;
			productReference = 84E48EBB1EF9083B0093987B /* calculetteUITests.xctest */;
			productType = "com.apple.product-type.bundle.ui-testing";
		};
/* End PBXNativeTarget section */

/* Begin PBXProject section */
		84E48E941EF9083B0093987B /* Project object */ = {
			isa = PBXProject;
			attributes = {
				LastSwiftUpdateCheck = 0830;
				LastUpgradeCheck = 0830;
				ORGANIZATIONNAME = com.formation;
				TargetAttributes = {
					84E48E9B1EF9083B0093987B = {
						CreatedOnToolsVersion = 8.3.3;
						ProvisioningStyle = Automatic;
					};
					84E48EAF1EF9083B0093987B = {
						CreatedOnToolsVersion = 8.3.3;
						ProvisioningStyle = Automatic;
						TestTargetID = 84E48E9B1EF9083B0093987B;
					};
					84E48EBA1EF9083B0093987B = {
						CreatedOnToolsVersion = 8.3.3;
						ProvisioningStyle = Automatic;
						TestTargetID = 84E48E9B1EF9083B0093987B;
					};
				};
			};
			buildConfigurationList = 84E48E971EF9083B0093987B /* Build configuration list for PBXProject "calculette" */;
			compatibilityVersion = "Xcode 3.2";
			developmentRegion = English;
			hasScannedForEncodings = 0;
			knownRegions = (
				en,
				Base,
			);
			mainGroup = 84E48E931EF9083B0093987B;
			productRefGroup = 84E48E9D1EF9083B0093987B /* Products */;
			projectDirPath = "";
			projectRoot = "";
			targets = (
				84E48E9B1EF9083B0093987B /* calculette */,
				84E48EAF1EF9083B0093987B /* calculetteTests */,
				84E48EBA1EF9083B0093987B /* calculetteUITests */,
			);
		};
/* End PBXProject section */

/* Begin PBXResourcesBuildPhase section */
		84E48E9A1EF9083B0093987B /* Resources */ = {
			isa = PBXResourcesBuildPhase;
			buildActionMask = 2147483647;
			files = (
				84E48EAA1EF9083B0093987B /* LaunchScreen.storyboard in Resources */,
				84E48EA71EF9083B0093987B /* Assets.xcassets in Resources */,
				84E48EA51EF9083B0093987B /* Main.storyboard in Resources */,
			);
			runOnlyForDeploymentPostprocessing = 0;
		};
		84E48EAE1EF9083B0093987B /* Resources */ = {
			isa = PBXResourcesBuildPhase;
			buildActionMask = 2147483647;
			files = (
			);
			runOnlyForDeploymentPostprocessing = 0;
		};
		84E48EB91EF9083B0093987B /* Resources */ = {
			isa = PBXResourcesBuildPhase;
			buildActionMask = 2147483647;
			files = (
			);
			runOnlyForDeploymentPostprocessing = 0;
		};
/* End PBXResourcesBuildPhase section */

/* Begin PBXSourcesBuildPhase section */
		84E48E981EF9083B0093987B /* Sources */ = {
			isa = PBXSourcesBuildPhase;
			buildActionMask = 2147483647;
			files = (
				84E48EA21EF9083B0093987B /* ViewController.swift in Sources */,
				84E48EA01EF9083B0093987B /* AppDelegate.swift in Sources */,
			);
			runOnlyForDeploymentPostprocessing = 0;
		};
		84E48EAC1EF9083B0093987B /* Sources */ = {
			isa = PBXSourcesBuildPhase;
			buildActionMask = 2147483647;
			files = (
				84E48EB51EF9083B0093987B /* calculetteTests.swift in Sources */,
			);
			runOnlyForDeploymentPostprocessing = 0;
		};
		84E48EB71EF9083B0093987B /* Sources */ = {
			isa = PBXSourcesBuildPhase;
			buildActionMask = 2147483647;
			files = (
				84E48EC01EF9083B0093987B /* calculetteUITests.swift in Sources */,
			);
			runOnlyForDeploymentPostprocessing = 0;
		};
/* End PBXSourcesBuildPhase section */

/* Begin PBXTargetDependency section */
		84E48EB21EF9083B0093987B /* PBXTargetDependency */ = {
			isa = PBXTargetDependency;
			target = 84E48E9B1EF9083B0093987B /* calculette */;
			targetProxy = 84E48EB11EF9083B0093987B /* PBXContainerItemProxy */;
		};
		84E48EBD1EF9083B0093987B /* PBXTargetDependency */ = {
			isa = PBXTargetDependency;
			target = 84E48E9B1EF9083B0093987B /* calculette */;
			targetProxy = 84E48EBC1EF9083B0093987B /* PBXContainerItemProxy */;
		};
/* End PBXTargetDependency section */

/* Begin PBXVariantGroup section */
		84E48EA31EF9083B0093987B /* Main.storyboard */ = {
			isa = PBXVariantGroup;
			children = (
				84E48EA41EF9083B0093987B /* Base */,
			);
			name = Main.storyboard;
			sourceTree = "<group>";
		};
		84E48EA81EF9083B0093987B /* LaunchScreen.storyboard */ = {
			isa = PBXVariantGroup;
			children = (
				84E48EA91EF9083B0093987B /* Base */,
			);
			name = LaunchScreen.storyboard;
			sourceTree = "<group>";
		};
/* End PBXVariantGroup section */

/* Begin XCBuildConfiguration section */
		84E48EC21EF9083B0093987B /* Debug */ = {
			isa = XCBuildConfiguration;
			buildSettings = {
				ALWAYS_SEARCH_USER_PATHS = NO;
				CLANG_ANALYZER_NONNULL = YES;
				CLANG_ANALYZER_NUMBER_OBJECT_CONVERSION = YES_AGGRESSIVE;
				CLANG_CXX_LANGUAGE_STANDARD = "gnu++0x";
				CLANG_CXX_LIBRARY = "libc++";
				CLANG_ENABLE_MODULES = YES;
				CLANG_ENABLE_OBJC_ARC = YES;
				CLANG_WARN_BOOL_CONVERSION = YES;
				CLANG_WARN_CONSTANT_CONVERSION = YES;
				CLANG_WARN_DIRECT_OBJC_ISA_USAGE = YES_ERROR;
				CLANG_WARN_DOCUMENTATION_COMMENTS = YES;
				CLANG_WARN_EMPTY_BODY = YES;
				CLANG_WARN_ENUM_CONVERSION = YES;
				CLANG_WARN_INFINITE_RECURSION = YES;
				CLANG_WARN_INT_CONVERSION = YES;
				CLANG_WARN_OBJC_ROOT_CLASS = YES_ERROR;
				CLANG_WARN_SUSPICIOUS_MOVE = YES;
				CLANG_WARN_UNREACHABLE_CODE = YES;
				CLANG_WARN__DUPLICATE_METHOD_MATCH = YES;
				"CODE_SIGN_IDENTITY[sdk=iphoneos*]" = "iPhone Developer";
				COPY_PHASE_STRIP = NO;
				DEBUG_INFORMATION_FORMAT = dwarf;
				ENABLE_STRICT_OBJC_MSGSEND = YES;
				ENABLE_TESTABILITY = YES;
				GCC_C_LANGUAGE_STANDARD = gnu99;
				GCC_DYNAMIC_NO_PIC = NO;
				GCC_NO_COMMON_BLOCKS = YES;
				GCC_OPTIMIZATION_LEVEL = 0;
				GCC_PREPROCESSOR_DEFINITIONS = (
					"DEBUG=1",
					"$(inherited)",
				);
				GCC_WARN_64_TO_32_BIT_CONVERSION = YES;
				GCC_WARN_ABOUT_RETURN_TYPE = YES_ERROR;
				GCC_WARN_UNDECLARED_SELECTOR = YES;
				GCC_WARN_UNINITIALIZED_AUTOS = YES_AGGRESSIVE;
				GCC_WARN_UNUSED_FUNCTION = YES;
				GCC_WARN_UNUSED_VARIABLE = YES;
				IPHONEOS_DEPLOYMENT_TARGET = 10.3;
				MTL_ENABLE_DEBUG_INFO = YES;
				ONLY_ACTIVE_ARCH = YES;
				SDKROOT = iphoneos;
				SWIFT_ACTIVE_COMPILATION_CONDITIONS = DEBUG;
				SWIFT_OPTIMIZATION_LEVEL = "-Onone";
			};
			name = Debug;
		};
		84E48EC31EF9083B0093987B /* Release */ = {
			isa = XCBuildConfiguration;
			buildSettings = {
				ALWAYS_SEARCH_USER_PATHS = NO;
				CLANG_ANALYZER_NONNULL = YES;
				CLANG_ANALYZER_NUMBER_OBJECT_CONVERSION = YES_AGGRESSIVE;
				CLANG_CXX_LANGUAGE_STANDARD = "gnu++0x";
				CLANG_CXX_LIBRARY = "libc++";
				CLANG_ENABLE_MODULES = YES;
				CLANG_ENABLE_OBJC_ARC = YES;
				CLANG_WARN_BOOL_CONVERSION = YES;
				CLANG_WARN_CONSTANT_CONVERSION = YES;
				CLANG_WARN_DIRECT_OBJC_ISA_USAGE = YES_ERROR;
				CLANG_WARN_DOCUMENTATION_COMMENTS = YES;
				CLANG_WARN_EMPTY_BODY = YES;
				CLANG_WARN_ENUM_CONVERSION = YES;
				CLANG_WARN_INFINITE_RECURSION = YES;
				CLANG_WARN_INT_CONVERSION = YES;
				CLANG_WARN_OBJC_ROOT_CLASS = YES_ERROR;
				CLANG_WARN_SUSPICIOUS_MOVE = YES;
				CLANG_WARN_UNREACHABLE_CODE = YES;
				CLANG_WARN__DUPLICATE_METHOD_MATCH = YES;
				"CODE_SIGN_IDENTITY[sdk=iphoneos*]" = "iPhone Developer";
				COPY_PHASE_STRIP = NO;
				DEBUG_INFORMATION_FORMAT = "dwarf-with-dsym";
				ENABLE_NS_ASSERTIONS = NO;
				ENABLE_STRICT_OBJC_MSGSEND = YES;
				GCC_C_LANGUAGE_STANDARD = gnu99;
				GCC_NO_COMMON_BLOCKS = YES;
				GCC_WARN_64_TO_32_BIT_CONVERSION = YES;
				GCC_WARN_ABOUT_RETURN_TYPE = YES_ERROR;
				GCC_WARN_UNDECLARED_SELECTOR = YES;
				GCC_WARN_UNINITIALIZED_AUTOS = YES_AGGRESSIVE;
				GCC_WARN_UNUSED_FUNCTION = YES;
				GCC_WARN_UNUSED_VARIABLE = YES;
				IPHONEOS_DEPLOYMENT_TARGET = 10.3;
				MTL_ENABLE_DEBUG_INFO = NO;
				SDKROOT = iphoneos;
				SWIFT_OPTIMIZATION_LEVEL = "-Owholemodule";
				VALIDATE_PRODUCT = YES;
			};
			name = Release;
		};
		84E48EC51EF9083B0093987B /* Debug */ = {
			isa = XCBuildConfiguration;
			buildSettings = {
				ASSETCATALOG_COMPILER_APPICON_NAME = AppIcon;
				INFOPLIST_FILE = calculette/Info.plist;
				LD_RUNPATH_SEARCH_PATHS = "$(inherited) @executable_path/Frameworks";
				PRODUCT_BUNDLE_IDENTIFIER = DTA.calculette;
				PRODUCT_NAME = "$(TARGET_NAME)";
				SWIFT_VERSION = 3.0;
			};
			name = Debug;
		};
		84E48EC61EF9083B0093987B /* Release */ = {
			isa = XCBuildConfiguration;
			buildSettings = {
				ASSETCATALOG_COMPILER_APPICON_NAME = AppIcon;
				INFOPLIST_FILE = calculette/Info.plist;
				LD_RUNPATH_SEARCH_PATHS = "$(inherited) @executable_path/Frameworks";
				PRODUCT_BUNDLE_IDENTIFIER = DTA.calculette;
				PRODUCT_NAME = "$(TARGET_NAME)";
				SWIFT_VERSION = 3.0;
			};
			name = Release;
		};
		84E48EC81EF9083B0093987B /* Debug */ = {
			isa = XCBuildConfiguration;
			buildSettings = {
				ALWAYS_EMBED_SWIFT_STANDARD_LIBRARIES = YES;
				BUNDLE_LOADER = "$(TEST_HOST)";
				INFOPLIST_FILE = calculetteTests/Info.plist;
				LD_RUNPATH_SEARCH_PATHS = "$(inherited) @executable_path/Frameworks @loader_path/Frameworks";
				PRODUCT_BUNDLE_IDENTIFIER = DTA.calculetteTests;
				PRODUCT_NAME = "$(TARGET_NAME)";
				SWIFT_VERSION = 3.0;
				TEST_HOST = "$(BUILT_PRODUCTS_DIR)/calculette.app/calculette";
			};
			name = Debug;
		};
		84E48EC91EF9083B0093987B /* Release */ = {
			isa = XCBuildConfiguration;
			buildSettings = {
				ALWAYS_EMBED_SWIFT_STANDARD_LIBRARIES = YES;
				BUNDLE_LOADER = "$(TEST_HOST)";
				INFOPLIST_FILE = calculetteTests/Info.plist;
				LD_RUNPATH_SEARCH_PATHS = "$(inherited) @executable_path/Frameworks @loader_path/Frameworks";
				PRODUCT_BUNDLE_IDENTIFIER = DTA.calculetteTests;
				PRODUCT_NAME = "$(TARGET_NAME)";
				SWIFT_VERSION = 3.0;
				TEST_HOST = "$(BUILT_PRODUCTS_DIR)/calculette.app/calculette";
			};
			name = Release;
		};
		84E48ECB1EF9083B0093987B /* Debug */ = {
			isa = XCBuildConfiguration;
			buildSettings = {
				ALWAYS_EMBED_SWIFT_STANDARD_LIBRARIES = YES;
				INFOPLIST_FILE = calculetteUITests/Info.plist;
				LD_RUNPATH_SEARCH_PATHS = "$(inherited) @executable_path/Frameworks @loader_path/Frameworks";
				PRODUCT_BUNDLE_IDENTIFIER = DTA.calculetteUITests;
				PRODUCT_NAME = "$(TARGET_NAME)";
				SWIFT_VERSION = 3.0;
				TEST_TARGET_NAME = calculette;
			};
			name = Debug;
		};
		84E48ECC1EF9083B0093987B /* Release */ = {
			isa = XCBuildConfiguration;
			buildSettings = {
				ALWAYS_EMBED_SWIFT_STANDARD_LIBRARIES = YES;
				INFOPLIST_FILE = calculetteUITests/Info.plist;
				LD_RUNPATH_SEARCH_PATHS = "$(inherited) @executable_path/Frameworks @loader_path/Frameworks";
				PRODUCT_BUNDLE_IDENTIFIER = DTA.calculetteUITests;
				PRODUCT_NAME = "$(TARGET_NAME)";
				SWIFT_VERSION = 3.0;
				TEST_TARGET_NAME = calculette;
			};
			name = Release;
		};
/* End XCBuildConfiguration section */

/* Begin XCConfigurationList section */
		84E48E971EF9083B0093987B /* Build configuration list for PBXProject "calculette" */ = {
			isa = XCConfigurationList;
			buildConfigurations = (
				84E48EC21EF9083B0093987B /* Debug */,
				84E48EC31EF9083B0093987B /* Release */,
			);
			defaultConfigurationIsVisible = 0;
			defaultConfigurationName = Release;
		};
		84E48EC41EF9083B0093987B /* Build configuration list for PBXNativeTarget "calculette" */ = {
			isa = XCConfigurationList;
			buildConfigurations = (
				84E48EC51EF9083B0093987B /* Debug */,
				84E48EC61EF9083B0093987B /* Release */,
			);
			defaultConfigurationIsVisible = 0;
		};
		84E48EC71EF9083B0093987B /* Build configuration list for PBXNativeTarget "calculetteTests" */ = {
			isa = XCConfigurationList;
			buildConfigurations = (
				84E48EC81EF9083B0093987B /* Debug */,
				84E48EC91EF9083B0093987B /* Release */,
			);
			defaultConfigurationIsVisible = 0;
		};
		84E48ECA1EF9083B0093987B /* Build configuration list for PBXNativeTarget "calculetteUITests" */ = {
			isa = XCConfigurationList;
			buildConfigurations = (
				84E48ECB1EF9083B0093987B /* Debug */,
				84E48ECC1EF9083B0093987B /* Release */,
			);
			defaultConfigurationIsVisible = 0;
		};
/* End XCConfigurationList section */
	};
	rootObject = 84E48E941EF9083B0093987B /* Project object */;
}
